
Microsoft Visual Studio Solution File, Format Version 12.00
# Visual Studio 15
VisualStudioVersion = 15.0.27130.2020
MinimumVisualStudioVersion = 10.0.40219.1
Project("{FAE04EC0-301F-11D3-BF4B-00C04F79EFBC}") = "ruap", "ruap\ruap.csproj", "{5ADA10D4-0B22-47B2-95BA-E0F4FF9D8341}"
EndProject
Global
	GlobalSection(SolutionConfigurationPlatforms) = preSolution
		Debug|Any CPU = Debug|Any CPU
		Release|Any CPU = Release|Any CPU
	EndGlobalSection
	GlobalSection(ProjectConfigurationPlatforms) = postSolution
		{5ADA10D4-0B22-47B2-95BA-E0F4FF9D8341}.Debug|Any CPU.ActiveCfg = Debug|Any CPU
		{5ADA10D4-0B22-47B2-95BA-E0F4FF9D8341}.Debug|Any CPU.Build.0 = Debug|Any CPU
		{5ADA10D4-0B22-47B2-95BA-E0F4FF9D8341}.Release|Any CPU.ActiveCfg = Release|Any CPU
		{5ADA10D4-0B22-47B2-95BA-E0F4FF9D8341}.Release|Any CPU.Build.0 = Release|Any CPU
	EndGlobalSection
	GlobalSection(SolutionProperties) = preSolution
		HideSolutionNode = FALSE
	EndGlobalSection
	GlobalSection(ExtensibilityGlobals) = postSolution
		SolutionGuid = {16ED177A-DAB5-40CC-AD18-0151AFCEEAC6}
	EndGlobalSection
EndGlobal
